// !$*UTF8*$!
{
	archiveVersion = 1;
	classes = {
	};
	objectVersion = 77;
	objects = {

/* Begin PBXBuildFile section */
		D62C7DED2D1308A0000616F4 /* Alamofire in Frameworks */ = {isa = PBXBuildFile; productRef = D62C7DEC2D1308A0000616F4 /* Alamofire */; };
/* End PBXBuildFile section */

/* Begin PBXContainerItemProxy section */
		D6AE3FA22D115A4000DD8AB6 /* PBXContainerItemProxy */ = {
			isa = PBXContainerItemProxy;
			containerPortal = D6AE3F892D115A3E00DD8AB6 /* Project object */;
			proxyType = 1;
			remoteGlobalIDString = D6AE3F902D115A3E00DD8AB6;
			remoteInfo = WeatherAssignment;
		};
		D6AE3FAC2D115A4100DD8AB6 /* PBXContainerItemProxy */ = {
			isa = PBXContainerItemProxy;
			containerPortal = D6AE3F892D115A3E00DD8AB6 /* Project object */;
			proxyType = 1;
			remoteGlobalIDString = D6AE3F902D115A3E00DD8AB6;
			remoteInfo = WeatherAssignment;
		};
/* End PBXContainerItemProxy section */

/* Begin PBXFileReference section */
		D6AE3F912D115A3E00DD8AB6 /* WeatherAssignment.app */ = {isa = PBXFileReference; explicitFileType = wrapper.application; includeInIndex = 0; path = WeatherAssignment.app; sourceTree = BUILT_PRODUCTS_DIR; };
		D6AE3FA12D115A4000DD8AB6 /* WeatherAssignmentTests.xctest */ = {isa = PBXFileReference; explicitFileType = wrapper.cfbundle; includeInIndex = 0; path = WeatherAssignmentTests.xctest; sourceTree = BUILT_PRODUCTS_DIR; };
		D6AE3FAB2D115A4100DD8AB6 /* WeatherAssignmentUITests.xctest */ = {isa = PBXFileReference; explicitFileType = wrapper.cfbundle; includeInIndex = 0; path = WeatherAssignmentUITests.xctest; sourceTree = BUILT_PRODUCTS_DIR; };
/* End PBXFileReference section */

/* Begin PBXFileSystemSynchronizedBuildFileExceptionSet section */
		D6745D9E2D12AE33001BF9CB /* Exceptions for "WeatherAssignment" folder in "WeatherAssignment" target */ = {
			isa = PBXFileSystemSynchronizedBuildFileExceptionSet;
			membershipExceptions = (
				Info.plist,
			);
			target = D6AE3F902D115A3E00DD8AB6 /* WeatherAssignment */;
		};
/* End PBXFileSystemSynchronizedBuildFileExceptionSet section */

/* Begin PBXFileSystemSynchronizedRootGroup section */
		D6AE3F932D115A3E00DD8AB6 /* WeatherAssignment */ = {
			isa = PBXFileSystemSynchronizedRootGroup;
			exceptions = (
				D6745D9E2D12AE33001BF9CB /* Exceptions for "WeatherAssignment" folder in "WeatherAssignment" target */,
			);
			path = WeatherAssignment;
			sourceTree = "<group>";
		};
		D6AE3FA42D115A4000DD8AB6 /* WeatherAssignmentTests */ = {
			isa = PBXFileSystemSynchronizedRootGroup;
			path = WeatherAssignmentTests;
			sourceTree = "<group>";
		};
		D6AE3FAE2D115A4100DD8AB6 /* WeatherAssignmentUITests */ = {
			isa = PBXFileSystemSynchronizedRootGroup;
			path = WeatherAssignmentUITests;
			sourceTree = "<group>";
		};
/* End PBXFileSystemSynchronizedRootGroup section */

/* Begin PBXFrameworksBuildPhase section */
		D6AE3F8E2D115A3E00DD8AB6 /* Frameworks */ = {
			isa = PBXFrameworksBuildPhase;
			buildActionMask = 2147483647;
			files = (
				D62C7DED2D1308A0000616F4 /* Alamofire in Frameworks */,
			);
			runOnlyForDeploymentPostprocessing = 0;
		};
		D6AE3F9E2D115A4000DD8AB6 /* Frameworks */ = {
			isa = PBXFrameworksBuildPhase;
			buildActionMask = 2147483647;
			files = (
			);
			runOnlyForDeploymentPostprocessing = 0;
		};
		D6AE3FA82D115A4100DD8AB6 /* Frameworks */ = {
			isa = PBXFrameworksBuildPhase;
			buildActionMask = 2147483647;
			files = (
			);
			runOnlyForDeploymentPostprocessing = 0;
		};
/* End PBXFrameworksBuildPhase section */

/* Begin PBXGroup section */
		D6AE3F882D115A3E00DD8AB6 = {
			isa = PBXGroup;
			children = (
				D6AE3F932D115A3E00DD8AB6 /* WeatherAssignment */,
				D6AE3FA42D115A4000DD8AB6 /* WeatherAssignmentTests */,
				D6AE3FAE2D115A4100DD8AB6 /* WeatherAssignmentUITests */,
				D6AE3F922D115A3E00DD8AB6 /* Products */,
			);
			sourceTree = "<group>";
		};
		D6AE3F922D115A3E00DD8AB6 /* Products */ = {
			isa = PBXGroup;
			children = (
				D6AE3F912D115A3E00DD8AB6 /* WeatherAssignment.app */,
				D6AE3FA12D115A4000DD8AB6 /* WeatherAssignmentTests.xctest */,
				D6AE3FAB2D115A4100DD8AB6 /* WeatherAssignmentUITests.xctest */,
			);
			name = Products;
			sourceTree = "<group>";
		};
/* End PBXGroup section */

/* Begin PBXNativeTarget section */
		D6AE3F902D115A3E00DD8AB6 /* WeatherAssignment */ = {
			isa = PBXNativeTarget;
			buildConfigurationList = D6AE3FB52D115A4100DD8AB6 /* Build configuration list for PBXNativeTarget "WeatherAssignment" */;
			buildPhases = (
				D6AE3F8D2D115A3E00DD8AB6 /* Sources */,
				D6AE3F8E2D115A3E00DD8AB6 /* Frameworks */,
				D6AE3F8F2D115A3E00DD8AB6 /* Resources */,
			);
			buildRules = (
			);
			dependencies = (
			);
			fileSystemSynchronizedGroups = (
				D6AE3F932D115A3E00DD8AB6 /* WeatherAssignment */,
			);
			name = WeatherAssignment;
			packageProductDependencies = (
				D62C7DEC2D1308A0000616F4 /* Alamofire */,
			);
			productName = WeatherAssignment;
			productReference = D6AE3F912D115A3E00DD8AB6 /* WeatherAssignment.app */;
			productType = "com.apple.product-type.application";
		};
		D6AE3FA02D115A4000DD8AB6 /* WeatherAssignmentTests */ = {
			isa = PBXNativeTarget;
			buildConfigurationList = D6AE3FB82D115A4100DD8AB6 /* Build configuration list for PBXNativeTarget "WeatherAssignmentTests" */;
			buildPhases = (
				D6AE3F9D2D115A4000DD8AB6 /* Sources */,
				D6AE3F9E2D115A4000DD8AB6 /* Frameworks */,
				D6AE3F9F2D115A4000DD8AB6 /* Resources */,
			);
			buildRules = (
			);
			dependencies = (
				D6AE3FA32D115A4000DD8AB6 /* PBXTargetDependency */,
			);
			fileSystemSynchronizedGroups = (
				D6AE3FA42D115A4000DD8AB6 /* WeatherAssignmentTests */,
			);
			name = WeatherAssignmentTests;
			packageProductDependencies = (
			);
			productName = WeatherAssignmentTests;
			productReference = D6AE3FA12D115A4000DD8AB6 /* WeatherAssignmentTests.xctest */;
			productType = "com.apple.product-type.bundle.unit-test";
		};
		D6AE3FAA2D115A4100DD8AB6 /* WeatherAssignmentUITests */ = {
			isa = PBXNativeTarget;
			buildConfigurationList = D6AE3FBB2D115A4100DD8AB6 /* Build configuration list for PBXNativeTarget "WeatherAssignmentUITests" */;
			buildPhases = (
				D6AE3FA72D115A4100DD8AB6 /* Sources */,
				D6AE3FA82D115A4100DD8AB6 /* Frameworks */,
				D6AE3FA92D115A4100DD8AB6 /* Resources */,
			);
			buildRules = (
			);
			dependencies = (
				D6AE3FAD2D115A4100DD8AB6 /* PBXTargetDependency */,
			);
			fileSystemSynchronizedGroups = (
				D6AE3FAE2D115A4100DD8AB6 /* WeatherAssignmentUITests */,
			);
			name = WeatherAssignmentUITests;
			packageProductDependencies = (
			);
			productName = WeatherAssignmentUITests;
			productReference = D6AE3FAB2D115A4100DD8AB6 /* WeatherAssignmentUITests.xctest */;
			productType = "com.apple.product-type.bundle.ui-testing";
		};
/* End PBXNativeTarget section */

/* Begin PBXProject section */
		D6AE3F892D115A3E00DD8AB6 /* Project object */ = {
			isa = PBXProject;
			attributes = {
				BuildIndependentTargetsInParallel = 1;
				LastSwiftUpdateCheck = 1610;
				LastUpgradeCheck = 1610;
				TargetAttributes = {
					D6AE3F902D115A3E00DD8AB6 = {
						CreatedOnToolsVersion = 16.1;
					};
					D6AE3FA02D115A4000DD8AB6 = {
						CreatedOnToolsVersion = 16.1;
						TestTargetID = D6AE3F902D115A3E00DD8AB6;
					};
					D6AE3FAA2D115A4100DD8AB6 = {
						CreatedOnToolsVersion = 16.1;
						TestTargetID = D6AE3F902D115A3E00DD8AB6;
					};
				};
			};
			buildConfigurationList = D6AE3F8C2D115A3E00DD8AB6 /* Build configuration list for PBXProject "WeatherAssignment" */;
			developmentRegion = en;
			hasScannedForEncodings = 0;
			knownRegions = (
				en,
				Base,
			);
			mainGroup = D6AE3F882D115A3E00DD8AB6;
			minimizedProjectReferenceProxies = 1;
			packageReferences = (
				D62C7DEB2D1308A0000616F4 /* XCRemoteSwiftPackageReference "Alamofire" */,
			);
			preferredProjectObjectVersion = 77;
			productRefGroup = D6AE3F922D115A3E00DD8AB6 /* Products */;
			projectDirPath = "";
			projectRoot = "";
			targets = (
				D6AE3F902D115A3E00DD8AB6 /* WeatherAssignment */,
				D6AE3FA02D115A4000DD8AB6 /* WeatherAssignmentTests */,
				D6AE3FAA2D115A4100DD8AB6 /* WeatherAssignmentUITests */,
			);
		};
/* End PBXProject section */

/* Begin PBXResourcesBuildPhase section */
		D6AE3F8F2D115A3E00DD8AB6 /* Resources */ = {
			isa = PBXResourcesBuildPhase;
			buildActionMask = 2147483647;
			files = (
			);
			runOnlyForDeploymentPostprocessing = 0;
		};
		D6AE3F9F2D115A4000DD8AB6 /* Resources */ = {
			isa = PBXResourcesBuildPhase;
			buildActionMask = 2147483647;
			files = (
			);
			runOnlyForDeploymentPostprocessing = 0;
		};
		D6AE3FA92D115A4100DD8AB6 /* Resources */ = {
			isa = PBXResourcesBuildPhase;
			buildActionMask = 2147483647;
			files = (
			);
			runOnlyForDeploymentPostprocessing = 0;
		};
/* End PBXResourcesBuildPhase section */

/* Begin PBXSourcesBuildPhase section */
		D6AE3F8D2D115A3E00DD8AB6 /* Sources */ = {
			isa = PBXSourcesBuildPhase;
			buildActionMask = 2147483647;
			files = (
			);
			runOnlyForDeploymentPostprocessing = 0;
		};
		D6AE3F9D2D115A4000DD8AB6 /* Sources */ = {
			isa = PBXSourcesBuildPhase;
			buildActionMask = 2147483647;
			files = (
			);
			runOnlyForDeploymentPostprocessing = 0;
		};
		D6AE3FA72D115A4100DD8AB6 /* Sources */ = {
			isa = PBXSourcesBuildPhase;
			buildActionMask = 2147483647;
			files = (
			);
			runOnlyForDeploymentPostprocessing = 0;
		};
/* End PBXSourcesBuildPhase section */

/* Begin PBXTargetDependency section */
		D6AE3FA32D115A4000DD8AB6 /* PBXTargetDependency */ = {
			isa = PBXTargetDependency;
			target = D6AE3F902D115A3E00DD8AB6 /* WeatherAssignment */;
			targetProxy = D6AE3FA22D115A4000DD8AB6 /* PBXContainerItemProxy */;
		};
		D6AE3FAD2D115A4100DD8AB6 /* PBXTargetDependency */ = {
			isa = PBXTargetDependency;
			target = D6AE3F902D115A3E00DD8AB6 /* WeatherAssignment */;
			targetProxy = D6AE3FAC2D115A4100DD8AB6 /* PBXContainerItemProxy */;
		};
/* End PBXTargetDependency section */

/* Begin XCBuildConfiguration section */
		D6AE3FB32D115A4100DD8AB6 /* Debug */ = {
			isa = XCBuildConfiguration;
			buildSettings = {
				ALWAYS_SEARCH_USER_PATHS = NO;
				ASSETCATALOG_COMPILER_GENERATE_SWIFT_ASSET_SYMBOL_EXTENSIONS = YES;
				CLANG_ANALYZER_NONNULL = YES;
				CLANG_ANALYZER_NUMBER_OBJECT_CONVERSION = YES_AGGRESSIVE;
				CLANG_CXX_LANGUAGE_STANDARD = "gnu++20";
				CLANG_ENABLE_MODULES = YES;
				CLANG_ENABLE_OBJC_ARC = YES;
				CLANG_ENABLE_OBJC_WEAK = YES;
				CLANG_WARN_BLOCK_CAPTURE_AUTORELEASING = YES;
				CLANG_WARN_BOOL_CONVERSION = YES;
				CLANG_WARN_COMMA = YES;
				CLANG_WARN_CONSTANT_CONVERSION = YES;
				CLANG_WARN_DEPRECATED_OBJC_IMPLEMENTATIONS = YES;
				CLANG_WARN_DIRECT_OBJC_ISA_USAGE = YES_ERROR;
				CLANG_WARN_DOCUMENTATION_COMMENTS = YES;
				CLANG_WARN_EMPTY_BODY = YES;
				CLANG_WARN_ENUM_CONVERSION = YES;
				CLANG_WARN_INFINITE_RECURSION = YES;
				CLANG_WARN_INT_CONVERSION = YES;
				CLANG_WARN_NON_LITERAL_NULL_CONVERSION = YES;
				CLANG_WARN_OBJC_IMPLICIT_RETAIN_SELF = YES;
				CLANG_WARN_OBJC_LITERAL_CONVERSION = YES;
				CLANG_WARN_OBJC_ROOT_CLASS = YES_ERROR;
				CLANG_WARN_QUOTED_INCLUDE_IN_FRAMEWORK_HEADER = YES;
				CLANG_WARN_RANGE_LOOP_ANALYSIS = YES;
				CLANG_WARN_STRICT_PROTOTYPES = YES;
				CLANG_WARN_SUSPICIOUS_MOVE = YES;
				CLANG_WARN_UNGUARDED_AVAILABILITY = YES_AGGRESSIVE;
				CLANG_WARN_UNREACHABLE_CODE = YES;
				CLANG_WARN__DUPLICATE_METHOD_MATCH = YES;
				COPY_PHASE_STRIP = NO;
				DEBUG_INFORMATION_FORMAT = dwarf;
				ENABLE_STRICT_OBJC_MSGSEND = YES;
				ENABLE_TESTABILITY = YES;
				ENABLE_USER_SCRIPT_SANDBOXING = YES;
				GCC_C_LANGUAGE_STANDARD = gnu17;
				GCC_DYNAMIC_NO_PIC = NO;
				GCC_NO_COMMON_BLOCKS = YES;
				GCC_OPTIMIZATION_LEVEL = 0;
				GCC_PREPROCESSOR_DEFINITIONS = (
					"DEBUG=1",
					"$(inherited)",
				);
				GCC_WARN_64_TO_32_BIT_CONVERSION = YES;
				GCC_WARN_ABOUT_RETURN_TYPE = YES_ERROR;
				GCC_WARN_UNDECLARED_SELECTOR = YES;
				GCC_WARN_UNINITIALIZED_AUTOS = YES_AGGRESSIVE;
				GCC_WARN_UNUSED_FUNCTION = YES;
				GCC_WARN_UNUSED_VARIABLE = YES;
				IPHONEOS_DEPLOYMENT_TARGET = 18.1;
				LOCALIZATION_PREFERS_STRING_CATALOGS = YES;
				MTL_ENABLE_DEBUG_INFO = INCLUDE_SOURCE;
				MTL_FAST_MATH = YES;
				ONLY_ACTIVE_ARCH = YES;
				SDKROOT = iphoneos;
				SWIFT_ACTIVE_COMPILATION_CONDITIONS = "DEBUG $(inherited)";
				SWIFT_OPTIMIZATION_LEVEL = "-Onone";
			};
			name = Debug;
		};
		D6AE3FB42D115A4100DD8AB6 /* Release */ = {
			isa = XCBuildConfiguration;
			buildSettings = {
				ALWAYS_SEARCH_USER_PATHS = NO;
				ASSETCATALOG_COMPILER_GENERATE_SWIFT_ASSET_SYMBOL_EXTENSIONS = YES;
				CLANG_ANALYZER_NONNULL = YES;
				CLANG_ANALYZER_NUMBER_OBJECT_CONVERSION = YES_AGGRESSIVE;
				CLANG_CXX_LANGUAGE_STANDARD = "gnu++20";
				CLANG_ENABLE_MODULES = YES;
				CLANG_ENABLE_OBJC_ARC = YES;
				CLANG_ENABLE_OBJC_WEAK = YES;
				CLANG_WARN_BLOCK_CAPTURE_AUTORELEASING = YES;
				CLANG_WARN_BOOL_CONVERSION = YES;
				CLANG_WARN_COMMA = YES;
				CLANG_WARN_CONSTANT_CONVERSION = YES;
				CLANG_WARN_DEPRECATED_OBJC_IMPLEMENTATIONS = YES;
				CLANG_WARN_DIRECT_OBJC_ISA_USAGE = YES_ERROR;
				CLANG_WARN_DOCUMENTATION_COMMENTS = YES;
				CLANG_WARN_EMPTY_BODY = YES;
				CLANG_WARN_ENUM_CONVERSION = YES;
				CLANG_WARN_INFINITE_RECURSION = YES;
				CLANG_WARN_INT_CONVERSION = YES;
				CLANG_WARN_NON_LITERAL_NULL_CONVERSION = YES;
				CLANG_WARN_OBJC_IMPLICIT_RETAIN_SELF = YES;
				CLANG_WARN_OBJC_LITERAL_CONVERSION = YES;
				CLANG_WARN_OBJC_ROOT_CLASS = YES_ERROR;
				CLANG_WARN_QUOTED_INCLUDE_IN_FRAMEWORK_HEADER = YES;
				CLANG_WARN_RANGE_LOOP_ANALYSIS = YES;
				CLANG_WARN_STRICT_PROTOTYPES = YES;
				CLANG_WARN_SUSPICIOUS_MOVE = YES;
				CLANG_WARN_UNGUARDED_AVAILABILITY = YES_AGGRESSIVE;
				CLANG_WARN_UNREACHABLE_CODE = YES;
				CLANG_WARN__DUPLICATE_METHOD_MATCH = YES;
				COPY_PHASE_STRIP = NO;
				DEBUG_INFORMATION_FORMAT = "dwarf-with-dsym";
				ENABLE_NS_ASSERTIONS = NO;
				ENABLE_STRICT_OBJC_MSGSEND = YES;
				ENABLE_USER_SCRIPT_SANDBOXING = YES;
				GCC_C_LANGUAGE_STANDARD = gnu17;
				GCC_NO_COMMON_BLOCKS = YES;
				GCC_WARN_64_TO_32_BIT_CONVERSION = YES;
				GCC_WARN_ABOUT_RETURN_TYPE = YES_ERROR;
				GCC_WARN_UNDECLARED_SELECTOR = YES;
				GCC_WARN_UNINITIALIZED_AUTOS = YES_AGGRESSIVE;
				GCC_WARN_UNUSED_FUNCTION = YES;
				GCC_WARN_UNUSED_VARIABLE = YES;
				IPHONEOS_DEPLOYMENT_TARGET = 18.1;
				LOCALIZATION_PREFERS_STRING_CATALOGS = YES;
				MTL_ENABLE_DEBUG_INFO = NO;
				MTL_FAST_MATH = YES;
				SDKROOT = iphoneos;
				SWIFT_COMPILATION_MODE = wholemodule;
				VALIDATE_PRODUCT = YES;
			};
			name = Release;
		};
		D6AE3FB62D115A4100DD8AB6 /* Debug */ = {
			isa = XCBuildConfiguration;
			buildSettings = {
				ASSETCATALOG_COMPILER_APPICON_NAME = AppIcon;
				ASSETCATALOG_COMPILER_GLOBAL_ACCENT_COLOR_NAME = AccentColor;
				CODE_SIGN_STYLE = Automatic;
				CURRENT_PROJECT_VERSION = 1;
				DEVELOPMENT_ASSET_PATHS = "\"WeatherAssignment/Preview Content\"";
				DEVELOPMENT_TEAM = K6LJCT8RAA;
				ENABLE_PREVIEWS = YES;
				GENERATE_INFOPLIST_FILE = YES;
				INFOPLIST_FILE = WeatherAssignment/Info.plist;
				INFOPLIST_KEY_UIApplicationSceneManifest_Generation = YES;
				INFOPLIST_KEY_UIApplicationSupportsIndirectInputEvents = YES;
				INFOPLIST_KEY_UILaunchScreen_Generation = YES;
				INFOPLIST_KEY_UISupportedInterfaceOrientations_iPad = "UIInterfaceOrientationPortrait UIInterfaceOrientationPortraitUpsideDown UIInterfaceOrientationLandscapeLeft UIInterfaceOrientationLandscapeRight";
				INFOPLIST_KEY_UISupportedInterfaceOrientations_iPhone = "UIInterfaceOrientationPortrait UIInterfaceOrientationLandscapeLeft UIInterfaceOrientationLandscapeRight";
				LD_RUNPATH_SEARCH_PATHS = (
					"$(inherited)",
					"@executable_path/Frameworks",
				);
				MARKETING_VERSION = 1.0;
				PRODUCT_BUNDLE_IDENTIFIER = com.template.WeatherAssignment;
				PRODUCT_NAME = "$(TARGET_NAME)";
				SWIFT_EMIT_LOC_STRINGS = YES;
				SWIFT_VERSION = 5.0;
				TARGETED_DEVICE_FAMILY = "1,2";
			};
			name = Debug;
		};
		D6AE3FB72D115A4100DD8AB6 /* Release */ = {
			isa = XCBuildConfiguration;
			buildSettings = {
				ASSETCATALOG_COMPILER_APPICON_NAME = AppIcon;
				ASSETCATALOG_COMPILER_GLOBAL_ACCENT_COLOR_NAME = AccentColor;
				CODE_SIGN_STYLE = Automatic;
				CURRENT_PROJECT_VERSION = 1;
				DEVELOPMENT_ASSET_PATHS = "\"WeatherAssignment/Preview Content\"";
				DEVELOPMENT_TEAM = K6LJCT8RAA;
				ENABLE_PREVIEWS = YES;
				GENERATE_INFOPLIST_FILE = YES;
				INFOPLIST_FILE = WeatherAssignment/Info.plist;
				INFOPLIST_KEY_UIApplicationSceneManifest_Generation = YES;
				INFOPLIST_KEY_UIApplicationSupportsIndirectInputEvents = YES;
				INFOPLIST_KEY_UILaunchScreen_Generation = YES;
				INFOPLIST_KEY_UISupportedInterfaceOrientations_iPad = "UIInterfaceOrientationPortrait UIInterfaceOrientationPortraitUpsideDown UIInterfaceOrientationLandscapeLeft UIInterfaceOrientationLandscapeRight";
				INFOPLIST_KEY_UISupportedInterfaceOrientations_iPhone = "UIInterfaceOrientationPortrait UIInterfaceOrientationLandscapeLeft UIInterfaceOrientationLandscapeRight";
				LD_RUNPATH_SEARCH_PATHS = (
					"$(inherited)",
					"@executable_path/Frameworks",
				);
				MARKETING_VERSION = 1.0;
				PRODUCT_BUNDLE_IDENTIFIER = com.template.WeatherAssignment;
				PRODUCT_NAME = "$(TARGET_NAME)";
				SWIFT_EMIT_LOC_STRINGS = YES;
				SWIFT_VERSION = 5.0;
				TARGETED_DEVICE_FAMILY = "1,2";
			};
			name = Release;
		};
		D6AE3FB92D115A4100DD8AB6 /* Debug */ = {
			isa = XCBuildConfiguration;
			buildSettings = {
				BUNDLE_LOADER = "$(TEST_HOST)";
				CODE_SIGN_STYLE = Automatic;
				CURRENT_PROJECT_VERSION = 1;
				DEVELOPMENT_TEAM = K6LJCT8RAA;
				GENERATE_INFOPLIST_FILE = YES;
				IPHONEOS_DEPLOYMENT_TARGET = 18.1;
				MARKETING_VERSION = 1.0;
				PRODUCT_BUNDLE_IDENTIFIER = com.template.WeatherAssignmentTests;
				PRODUCT_NAME = "$(TARGET_NAME)";
				SWIFT_EMIT_LOC_STRINGS = NO;
				SWIFT_VERSION = 5.0;
				TARGETED_DEVICE_FAMILY = "1,2";
				TEST_HOST = "$(BUILT_PRODUCTS_DIR)/WeatherAssignment.app/$(BUNDLE_EXECUTABLE_FOLDER_PATH)/WeatherAssignment";
			};
			name = Debug;
		};
		D6AE3FBA2D115A4100DD8AB6 /* Release */ = {
			isa = XCBuildConfiguration;
			buildSettings = {
				BUNDLE_LOADER = "$(TEST_HOST)";
				CODE_SIGN_STYLE = Automatic;
				CURRENT_PROJECT_VERSION = 1;
				DEVELOPMENT_TEAM = K6LJCT8RAA;
				GENERATE_INFOPLIST_FILE = YES;
				IPHONEOS_DEPLOYMENT_TARGET = 18.1;
				MARKETING_VERSION = 1.0;
				PRODUCT_BUNDLE_IDENTIFIER = com.template.WeatherAssignmentTests;
				PRODUCT_NAME = "$(TARGET_NAME)";
				SWIFT_EMIT_LOC_STRINGS = NO;
				SWIFT_VERSION = 5.0;
				TARGETED_DEVICE_FAMILY = "1,2";
				TEST_HOST = "$(BUILT_PRODUCTS_DIR)/WeatherAssignment.app/$(BUNDLE_EXECUTABLE_FOLDER_PATH)/WeatherAssignment";
			};
			name = Release;
		};
		D6AE3FBC2D115A4100DD8AB6 /* Debug */ = {
			isa = XCBuildConfiguration;
			buildSettings = {
				CODE_SIGN_STYLE = Automatic;
				CURRENT_PROJECT_VERSION = 1;
				DEVELOPMENT_TEAM = K6LJCT8RAA;
				GENERATE_INFOPLIST_FILE = YES;
				MARKETING_VERSION = 1.0;
				PRODUCT_BUNDLE_IDENTIFIER = com.template.WeatherAssignmentUITests;
				PRODUCT_NAME = "$(TARGET_NAME)";
				SWIFT_EMIT_LOC_STRINGS = NO;
				SWIFT_VERSION = 5.0;
				TARGETED_DEVICE_FAMILY = "1,2";
				TEST_TARGET_NAME = WeatherAssignment;
			};
			name = Debug;
		};
		D6AE3FBD2D115A4100DD8AB6 /* Release */ = {
			isa = XCBuildConfiguration;
			buildSettings = {
				CODE_SIGN_STYLE = Automatic;
				CURRENT_PROJECT_VERSION = 1;
				DEVELOPMENT_TEAM = K6LJCT8RAA;
				GENERATE_INFOPLIST_FILE = YES;
				MARKETING_VERSION = 1.0;
				PRODUCT_BUNDLE_IDENTIFIER = com.template.WeatherAssignmentUITests;
				PRODUCT_NAME = "$(TARGET_NAME)";
				SWIFT_EMIT_LOC_STRINGS = NO;
				SWIFT_VERSION = 5.0;
				TARGETED_DEVICE_FAMILY = "1,2";
				TEST_TARGET_NAME = WeatherAssignment;
			};
			name = Release;
		};
/* End XCBuildConfiguration section */

/* Begin XCConfigurationList section */
		D6AE3F8C2D115A3E00DD8AB6 /* Build configuration list for PBXProject "WeatherAssignment" */ = {
			isa = XCConfigurationList;
			buildConfigurations = (
				D6AE3FB32D115A4100DD8AB6 /* Debug */,
				D6AE3FB42D115A4100DD8AB6 /* Release */,
			);
			defaultConfigurationIsVisible = 0;
			defaultConfigurationName = Release;
		};
		D6AE3FB52D115A4100DD8AB6 /* Build configuration list for PBXNativeTarget "WeatherAssignment" */ = {
			isa = XCConfigurationList;
			buildConfigurations = (
				D6AE3FB62D115A4100DD8AB6 /* Debug */,
				D6AE3FB72D115A4100DD8AB6 /* Release */,
			);
			defaultConfigurationIsVisible = 0;
			defaultConfigurationName = Release;
		};
		D6AE3FB82D115A4100DD8AB6 /* Build configuration list for PBXNativeTarget "WeatherAssignmentTests" */ = {
			isa = XCConfigurationList;
			buildConfigurations = (
				D6AE3FB92D115A4100DD8AB6 /* Debug */,
				D6AE3FBA2D115A4100DD8AB6 /* Release */,
			);
			defaultConfigurationIsVisible = 0;
			defaultConfigurationName = Release;
		};
		D6AE3FBB2D115A4100DD8AB6 /* Build configuration list for PBXNativeTarget "WeatherAssignmentUITests" */ = {
			isa = XCConfigurationList;
			buildConfigurations = (
				D6AE3FBC2D115A4100DD8AB6 /* Debug */,
				D6AE3FBD2D115A4100DD8AB6 /* Release */,
			);
			defaultConfigurationIsVisible = 0;
			defaultConfigurationName = Release;
		};
/* End XCConfigurationList section */

/* Begin XCRemoteSwiftPackageReference section */
		D62C7DEB2D1308A0000616F4 /* XCRemoteSwiftPackageReference "Alamofire" */ = {
			isa = XCRemoteSwiftPackageReference;
			repositoryURL = "https://github.com/Alamofire/Alamofire";
			requirement = {
				kind = upToNextMajorVersion;
				minimumVersion = 5.10.2;
			};
		};
/* End XCRemoteSwiftPackageReference section */

/* Begin XCSwiftPackageProductDependency section */
		D62C7DEC2D1308A0000616F4 /* Alamofire */ = {
			isa = XCSwiftPackageProductDependency;
			package = D62C7DEB2D1308A0000616F4 /* XCRemoteSwiftPackageReference "Alamofire" */;
			productName = Alamofire;
		};
/* End XCSwiftPackageProductDependency section */
	};
	rootObject = D6AE3F892D115A3E00DD8AB6 /* Project object */;
}
